{
    "_readme": [
        "This file locks the dependencies of your project to a known state",
        "Read more about it at https://getcomposer.org/doc/01-basic-usage.md#composer-lock-the-lock-file",
        "This file is @generated automatically"
    ],
    "hash": "7c99ecdd7803c7e2a04a1fe83ec8e75b",
    "content-hash": "543c2aba3d9898df11f5679e821259a3",
    "packages": [
        {
            "name": "squizlabs/php_codesniffer",
            "version": "2.6.2",
            "source": {
                "type": "git",
                "url": "https://github.com/squizlabs/PHP_CodeSniffer.git",
                "reference": "4edb770cb853def6e60c93abb088ad5ac2010c83"
            },
            "dist": {
                "type": "zip",
                "url": "https://api.github.com/repos/squizlabs/PHP_CodeSniffer/zipball/4edb770cb853def6e60c93abb088ad5ac2010c83",
                "reference": "4edb770cb853def6e60c93abb088ad5ac2010c83",
                "shasum": ""
            },
            "require": {
                "ext-simplexml": "*",
                "ext-tokenizer": "*",
                "ext-xmlwriter": "*",
                "php": ">=5.1.2"
            },
            "require-dev": {
                "phpunit/phpunit": "~4.0"
            },
            "bin": [
                "scripts/phpcs",
                "scripts/phpcbf"
            ],
            "type": "library",
            "extra": {
                "branch-alias": {
                    "dev-master": "2.x-dev"
                }
            },
            "autoload": {
                "classmap": [
                    "CodeSniffer.php",
                    "CodeSniffer/CLI.php",
                    "CodeSniffer/Exception.php",
                    "CodeSniffer/File.php",
                    "CodeSniffer/Fixer.php",
                    "CodeSniffer/Report.php",
                    "CodeSniffer/Reporting.php",
                    "CodeSniffer/Sniff.php",
                    "CodeSniffer/Tokens.php",
                    "CodeSniffer/Reports/",
                    "CodeSniffer/Tokenizers/",
                    "CodeSniffer/DocGenerators/",
                    "CodeSniffer/Standards/AbstractPatternSniff.php",
                    "CodeSniffer/Standards/AbstractScopeSniff.php",
                    "CodeSniffer/Standards/AbstractVariableSniff.php",
                    "CodeSniffer/Standards/IncorrectPatternException.php",
                    "CodeSniffer/Standards/Generic/Sniffs/",
                    "CodeSniffer/Standards/MySource/Sniffs/",
                    "CodeSniffer/Standards/PEAR/Sniffs/",
                    "CodeSniffer/Standards/PSR1/Sniffs/",
                    "CodeSniffer/Standards/PSR2/Sniffs/",
                    "CodeSniffer/Standards/Squiz/Sniffs/",
                    "CodeSniffer/Standards/Zend/Sniffs/"
                ]
            },
            "notification-url": "https://packagist.org/downloads/",
            "license": [
                "BSD-3-Clause"
            ],
            "authors": [
                {
                    "name": "Greg Sherwood",
                    "role": "lead"
                }
            ],
            "description": "PHP_CodeSniffer tokenizes PHP, JavaScript and CSS files and detects violations of a defined set of coding standards.",
            "homepage": "http://www.squizlabs.com/php-codesniffer",
            "keywords": [
                "phpcs",
                "standards"
            ],
            "time": "2016-07-13 23:29:13"
        },
        {
            "name": "stevegrunwell/wp-enforcer",
            "version": "0.4.1",
            "source": {
                "type": "git",
                "url": "https://github.com/stevegrunwell/wp-enforcer.git",
                "reference": "3aea90cb0a8bbd89f1fbbba042ed025a4674c640"
            },
            "dist": {
                "type": "zip",
                "url": "https://api.github.com/repos/stevegrunwell/wp-enforcer/zipball/3aea90cb0a8bbd89f1fbbba042ed025a4674c640",
                "reference": "3aea90cb0a8bbd89f1fbbba042ed025a4674c640",
                "shasum": ""
            },
            "require": {
                "wp-coding-standards/wpcs": "0.8.0"
            },
            "bin": [
                "bin/wp-enforcer"
            ],
            "type": "library",
            "notification-url": "https://packagist.org/downloads/",
            "license": [
                "MIT"
            ],
            "authors": [
                {
                    "name": "Steve Grunwell",
                    "email": "steve@stevegrunwell.com",
                    "homepage": "https://stevegrunwell.com"
                }
            ],
            "description": "Git hooks to encourage well-written WordPress.",
            "keywords": [
                "PHP_CodeSniffer",
                "coding standards",
                "git hooks",
                "wordpress"
            ],
            "time": "2016-01-06 20:19:11"
        },
        {
            "name": "wp-coding-standards/wpcs",
            "version": "0.8.0",
            "source": {
                "type": "git",
                "url": "https://github.com/WordPress-Coding-Standards/WordPress-Coding-Standards.git",
                "reference": "b3d4d8eedd8b0b7f4fdf8764df1c8b23ff099334"
            },
            "dist": {
                "type": "zip",
                "url": "https://api.github.com/repos/WordPress-Coding-Standards/WordPress-Coding-Standards/zipball/b3d4d8eedd8b0b7f4fdf8764df1c8b23ff099334",
                "reference": "b3d4d8eedd8b0b7f4fdf8764df1c8b23ff099334",
                "shasum": ""
            },
            "require": {
                "squizlabs/php_codesniffer": "~2.2"
            },
            "type": "library",
            "notification-url": "https://packagist.org/downloads/",
            "license": [
                "MIT"
            ],
            "authors": [
                {
                    "name": "Contributors",
                    "homepage": "https://github.com/WordPress-Coding-Standards/WordPress-Coding-Standards/graphs/contributors"
                }
            ],
            "description": "PHP_CodeSniffer rules (sniffs) to enforce WordPress coding conventions",
            "keywords": [
                "phpcs",
                "standards",
                "wordpress"
            ],
            "time": "2015-10-02 22:20:22"
        }
    ],
    "packages-dev": [],
    "aliases": [],
    "minimum-stability": "stable",
    "stability-flags": [],
    "prefer-stable": false,
    "prefer-lowest": false,
    "platform": [],
    "platform-dev": []
}
